
Microsoft Visual Studio Solution File, Format Version 12.00
# Visual Studio 2013
VisualStudioVersion = 12.0.31101.0
MinimumVisualStudioVersion = 10.0.40219.1
Project("{FAE04EC0-301F-11D3-BF4B-00C04F79EFBC}") = "LFC", "LFC\LFC.csproj", "{11179D15-C2F8-4FA8-954A-C59693936045}"
EndProject
Global
	GlobalSection(SolutionConfigurationPlatforms) = preSolution
		Debug|Any CPU = Debug|Any CPU
		Production|Any CPU = Production|Any CPU
		Release|Any CPU = Release|Any CPU
	EndGlobalSection
	GlobalSection(ProjectConfigurationPlatforms) = postSolution
		{11179D15-C2F8-4FA8-954A-C59693936045}.Debug|Any CPU.ActiveCfg = Debug|Any CPU
		{11179D15-C2F8-4FA8-954A-C59693936045}.Debug|Any CPU.Build.0 = Debug|Any CPU
		{11179D15-C2F8-4FA8-954A-C59693936045}.Production|Any CPU.ActiveCfg = Production|Any CPU
		{11179D15-C2F8-4FA8-954A-C59693936045}.Production|Any CPU.Build.0 = Production|Any CPU
		{11179D15-C2F8-4FA8-954A-C59693936045}.Release|Any CPU.ActiveCfg = Release|Any CPU
		{11179D15-C2F8-4FA8-954A-C59693936045}.Release|Any CPU.Build.0 = Release|Any CPU
	EndGlobalSection
	GlobalSection(SolutionProperties) = preSolution
		HideSolutionNode = FALSE
	EndGlobalSection
EndGlobal
